
Microsoft Visual Studio Solution File, Format Version 12.00
# Visual Studio Version 16
VisualStudioVersion = 16.0.32602.291
MinimumVisualStudioVersion = 10.0.40219.1
Project("{9A19103F-16F7-4668-BE54-9A1E7A4F7556}") = "String_StringBuilder_Ex", "..\String_StringBuilder_Ex\String_StringBuilder_Ex.csproj", "{4E43ED0B-E86F-41B2-939D-E80BBD738D9F}"
EndProject
Project("{9A19103F-16F7-4668-BE54-9A1E7A4F7556}") = "If_Else_Ex", "..\If_Else_Ex\If_Else_Ex.csproj", "{A6EE12BD-C7E8-4556-AA9F-FC10F6963D75}"
EndProject
Project("{9A19103F-16F7-4668-BE54-9A1E7A4F7556}") = "Castings_Examples", "..\Castings_Examples\Castings_Examples.csproj", "{DE14706F-2A2D-42E0-BA34-2E09E32CFF03}"
EndProject
Project("{9A19103F-16F7-4668-BE54-9A1E7A4F7556}") = "DataTypes_Examples", "..\DataTypes_Examples\DataTypes_Examples.csproj", "{757A70AE-AE3A-4C4C-8330-CFE8A638D323}"
EndProject
Project("{9A19103F-16F7-4668-BE54-9A1E7A4F7556}") = "Arrays_Lesson", "Arrays_Lesson\Arrays_Lesson.csproj", "{E703EED2-D92C-4E1D-A6CD-FF3457DAF24B}"
EndProject
Project("{9A19103F-16F7-4668-BE54-9A1E7A4F7556}") = "Arrays-Lesson6", "..\Arrays-Lesson6\Arrays-Lesson6.csproj", "{621323CE-372B-40C6-9FD4-07D2C7764AC6}"
EndProject
Project("{9A19103F-16F7-4668-BE54-9A1E7A4F7556}") = "Arrays_Ex", "..\Arrays_Ex\Arrays_Ex.csproj", "{1D63163C-4880-4296-8EF7-D61DD4BF7AD3}"
EndProject
Project("{9A19103F-16F7-4668-BE54-9A1E7A4F7556}") = "Lesson_7", "..\Lesson_7\Lesson_7.csproj", "{3AA650CB-14CD-4AA6-A66D-FC04EA059151}"
EndProject
Project("{9A19103F-16F7-4668-BE54-9A1E7A4F7556}") = "Methods_Ex", "..\Methods_Ex\Methods_Ex.csproj", "{60B1AB5B-D03D-46B6-90DD-200E5711AA85}"
EndProject
Project("{9A19103F-16F7-4668-BE54-9A1E7A4F7556}") = "Lesson 8", "..\Lesson 8\Lesson 8.csproj", "{E0B5538A-210C-46FD-B851-F5D951B7336D}"
EndProject
Project("{9A19103F-16F7-4668-BE54-9A1E7A4F7556}") = "Class_Struct_Intro", "..\Class_Struct_Intro\Class_Struct_Intro.csproj", "{774C2F6B-8FA1-4643-B6D6-B9DBF981D0AF}"
EndProject
Project("{9A19103F-16F7-4668-BE54-9A1E7A4F7556}") = "Class_Intro2", "..\Class_Intro2\Class_Intro2.csproj", "{6191A5AE-14FF-495A-9ABC-94CFA90DE6D9}"
EndProject
Project("{FAE04EC0-301F-11D3-BF4B-00C04F79EFBC}") = "Classes_lesson2", "..\Classes_lesson2\Classes_lesson2.csproj", "{3D80ADE1-E949-4DAB-BC95-CB654892CF4F}"
EndProject
Global
	GlobalSection(SolutionConfigurationPlatforms) = preSolution
		Debug|Any CPU = Debug|Any CPU
		Release|Any CPU = Release|Any CPU
	EndGlobalSection
	GlobalSection(ProjectConfigurationPlatforms) = postSolution
		{4E43ED0B-E86F-41B2-939D-E80BBD738D9F}.Debug|Any CPU.ActiveCfg = Debug|Any CPU
		{4E43ED0B-E86F-41B2-939D-E80BBD738D9F}.Debug|Any CPU.Build.0 = Debug|Any CPU
		{4E43ED0B-E86F-41B2-939D-E80BBD738D9F}.Release|Any CPU.ActiveCfg = Release|Any CPU
		{4E43ED0B-E86F-41B2-939D-E80BBD738D9F}.Release|Any CPU.Build.0 = Release|Any CPU
		{A6EE12BD-C7E8-4556-AA9F-FC10F6963D75}.Debug|Any CPU.ActiveCfg = Debug|Any CPU
		{A6EE12BD-C7E8-4556-AA9F-FC10F6963D75}.Debug|Any CPU.Build.0 = Debug|Any CPU
		{A6EE12BD-C7E8-4556-AA9F-FC10F6963D75}.Release|Any CPU.ActiveCfg = Release|Any CPU
		{A6EE12BD-C7E8-4556-AA9F-FC10F6963D75}.Release|Any CPU.Build.0 = Release|Any CPU
		{DE14706F-2A2D-42E0-BA34-2E09E32CFF03}.Debug|Any CPU.ActiveCfg = Debug|Any CPU
		{DE14706F-2A2D-42E0-BA34-2E09E32CFF03}.Debug|Any CPU.Build.0 = Debug|Any CPU
		{DE14706F-2A2D-42E0-BA34-2E09E32CFF03}.Release|Any CPU.ActiveCfg = Release|Any CPU
		{DE14706F-2A2D-42E0-BA34-2E09E32CFF03}.Release|Any CPU.Build.0 = Release|Any CPU
		{757A70AE-AE3A-4C4C-8330-CFE8A638D323}.Debug|Any CPU.ActiveCfg = Debug|Any CPU
		{757A70AE-AE3A-4C4C-8330-CFE8A638D323}.Debug|Any CPU.Build.0 = Debug|Any CPU
		{757A70AE-AE3A-4C4C-8330-CFE8A638D323}.Release|Any CPU.ActiveCfg = Release|Any CPU
		{757A70AE-AE3A-4C4C-8330-CFE8A638D323}.Release|Any CPU.Build.0 = Release|Any CPU
		{E703EED2-D92C-4E1D-A6CD-FF3457DAF24B}.Debug|Any CPU.ActiveCfg = Debug|Any CPU
		{E703EED2-D92C-4E1D-A6CD-FF3457DAF24B}.Debug|Any CPU.Build.0 = Debug|Any CPU
		{E703EED2-D92C-4E1D-A6CD-FF3457DAF24B}.Release|Any CPU.ActiveCfg = Release|Any CPU
		{E703EED2-D92C-4E1D-A6CD-FF3457DAF24B}.Release|Any CPU.Build.0 = Release|Any CPU
		{621323CE-372B-40C6-9FD4-07D2C7764AC6}.Debug|Any CPU.ActiveCfg = Debug|Any CPU
		{621323CE-372B-40C6-9FD4-07D2C7764AC6}.Debug|Any CPU.Build.0 = Debug|Any CPU
		{621323CE-372B-40C6-9FD4-07D2C7764AC6}.Release|Any CPU.ActiveCfg = Release|Any CPU
		{621323CE-372B-40C6-9FD4-07D2C7764AC6}.Release|Any CPU.Build.0 = Release|Any CPU
		{1D63163C-4880-4296-8EF7-D61DD4BF7AD3}.Debug|Any CPU.ActiveCfg = Debug|Any CPU
		{1D63163C-4880-4296-8EF7-D61DD4BF7AD3}.Debug|Any CPU.Build.0 = Debug|Any CPU
		{1D63163C-4880-4296-8EF7-D61DD4BF7AD3}.Release|Any CPU.ActiveCfg = Release|Any CPU
		{1D63163C-4880-4296-8EF7-D61DD4BF7AD3}.Release|Any CPU.Build.0 = Release|Any CPU
		{3AA650CB-14CD-4AA6-A66D-FC04EA059151}.Debug|Any CPU.ActiveCfg = Debug|Any CPU
		{3AA650CB-14CD-4AA6-A66D-FC04EA059151}.Debug|Any CPU.Build.0 = Debug|Any CPU
		{3AA650CB-14CD-4AA6-A66D-FC04EA059151}.Release|Any CPU.ActiveCfg = Release|Any CPU
		{3AA650CB-14CD-4AA6-A66D-FC04EA059151}.Release|Any CPU.Build.0 = Release|Any CPU
		{60B1AB5B-D03D-46B6-90DD-200E5711AA85}.Debug|Any CPU.ActiveCfg = Debug|Any CPU
		{60B1AB5B-D03D-46B6-90DD-200E5711AA85}.Debug|Any CPU.Build.0 = Debug|Any CPU
		{60B1AB5B-D03D-46B6-90DD-200E5711AA85}.Release|Any CPU.ActiveCfg = Release|Any CPU
		{60B1AB5B-D03D-46B6-90DD-200E5711AA85}.Release|Any CPU.Build.0 = Release|Any CPU
		{E0B5538A-210C-46FD-B851-F5D951B7336D}.Debug|Any CPU.ActiveCfg = Debug|Any CPU
		{E0B5538A-210C-46FD-B851-F5D951B7336D}.Debug|Any CPU.Build.0 = Debug|Any CPU
		{E0B5538A-210C-46FD-B851-F5D951B7336D}.Release|Any CPU.ActiveCfg = Release|Any CPU
		{E0B5538A-210C-46FD-B851-F5D951B7336D}.Release|Any CPU.Build.0 = Release|Any CPU
		{774C2F6B-8FA1-4643-B6D6-B9DBF981D0AF}.Debug|Any CPU.ActiveCfg = Debug|Any CPU
		{774C2F6B-8FA1-4643-B6D6-B9DBF981D0AF}.Debug|Any CPU.Build.0 = Debug|Any CPU
		{774C2F6B-8FA1-4643-B6D6-B9DBF981D0AF}.Release|Any CPU.ActiveCfg = Release|Any CPU
		{774C2F6B-8FA1-4643-B6D6-B9DBF981D0AF}.Release|Any CPU.Build.0 = Release|Any CPU
		{6191A5AE-14FF-495A-9ABC-94CFA90DE6D9}.Debug|Any CPU.ActiveCfg = Debug|Any CPU
		{6191A5AE-14FF-495A-9ABC-94CFA90DE6D9}.Debug|Any CPU.Build.0 = Debug|Any CPU
		{6191A5AE-14FF-495A-9ABC-94CFA90DE6D9}.Release|Any CPU.ActiveCfg = Release|Any CPU
		{6191A5AE-14FF-495A-9ABC-94CFA90DE6D9}.Release|Any CPU.Build.0 = Release|Any CPU
		{3D80ADE1-E949-4DAB-BC95-CB654892CF4F}.Debug|Any CPU.ActiveCfg = Debug|Any CPU
		{3D80ADE1-E949-4DAB-BC95-CB654892CF4F}.Debug|Any CPU.Build.0 = Debug|Any CPU
		{3D80ADE1-E949-4DAB-BC95-CB654892CF4F}.Release|Any CPU.ActiveCfg = Release|Any CPU
		{3D80ADE1-E949-4DAB-BC95-CB654892CF4F}.Release|Any CPU.Build.0 = Release|Any CPU
	EndGlobalSection
	GlobalSection(SolutionProperties) = preSolution
		HideSolutionNode = FALSE
	EndGlobalSection
	GlobalSection(ExtensibilityGlobals) = postSolution
		SolutionGuid = {B88955EB-3FB8-438A-B3D1-3FB9EC46F67E}
	EndGlobalSection
EndGlobal
