
Microsoft Visual Studio Solution File, Format Version 12.00
# Visual Studio Version 16
VisualStudioVersion = 16.0.32602.291
MinimumVisualStudioVersion = 10.0.40219.1
Project("{FAE04EC0-301F-11D3-BF4B-00C04F79EFBC}") = "OOP_Intro", "OOP_Intro.csproj", "{1C52719A-1857-49BD-A58E-8C1C7FA4FB3A}"
EndProject
Global
	GlobalSection(SolutionConfigurationPlatforms) = preSolution
		Debug|Any CPU = Debug|Any CPU
		Release|Any CPU = Release|Any CPU
	EndGlobalSection
	GlobalSection(ProjectConfigurationPlatforms) = postSolution
		{1C52719A-1857-49BD-A58E-8C1C7FA4FB3A}.Debug|Any CPU.ActiveCfg = Debug|Any CPU
		{1C52719A-1857-49BD-A58E-8C1C7FA4FB3A}.Debug|Any CPU.Build.0 = Debug|Any CPU
		{1C52719A-1857-49BD-A58E-8C1C7FA4FB3A}.Release|Any CPU.ActiveCfg = Release|Any CPU
		{1C52719A-1857-49BD-A58E-8C1C7FA4FB3A}.Release|Any CPU.Build.0 = Release|Any CPU
	EndGlobalSection
	GlobalSection(SolutionProperties) = preSolution
		HideSolutionNode = FALSE
	EndGlobalSection
	GlobalSection(ExtensibilityGlobals) = postSolution
		SolutionGuid = {4C255E40-E927-4E0F-B488-393327E401BC}
	EndGlobalSection
EndGlobal
